
Microsoft Visual Studio Solution File, Format Version 12.00
# Visual Studio Version 17
VisualStudioVersion = 17.14.36930.0
MinimumVisualStudioVersion = 10.0.40219.1
Project("{2150E333-8FDC-42A3-9474-1A3956D46DE8}") = "Services", "Services", "{02EA681E-C7D8-13C7-8484-4AC65E1B71E8}"
EndProject
Project("{2150E333-8FDC-42A3-9474-1A3956D46DE8}") = "Catalog", "Catalog", "{1683AAFA-DFFE-4B76-9680-E6AFE864615A}"
EndProject
Project("{FAE04EC0-301F-11D3-BF4B-00C04F79EFBC}") = "Catalog_API", "Services\Catalog\Catalog_API\Catalog_API.csproj", "{1E3D7AE1-A300-4BA1-AD77-6F7A830DA6E7}"
EndProject
Project("{2150E333-8FDC-42A3-9474-1A3956D46DE8}") = "BuildingBlocks", "BuildingBlocks", "{403A1859-61A7-4E51-A014-05FB8A781582}"
EndProject
Project("{FAE04EC0-301F-11D3-BF4B-00C04F79EFBC}") = "BuildingBlocks", "BuildingBlocks\BuildingBlocks\BuildingBlocks.csproj", "{EC6E7201-DC6C-403D-87B8-8EF0CDCC323C}"
EndProject
Project("{E53339B2-1760-4266-BCC7-CA923CBCF16C}") = "docker-compose", "docker-compose.dcproj", "{81DDED9D-158B-E303-5F62-77A2896D2A5A}"
EndProject
Project("{2150E333-8FDC-42A3-9474-1A3956D46DE8}") = "Basket", "Basket", "{D7689134-F9A4-4959-876F-933843164A0C}"
EndProject
Project("{FAE04EC0-301F-11D3-BF4B-00C04F79EFBC}") = "Basket.API", "Services\Basket\Basket.API\Basket.API.csproj", "{7B32EF74-78B1-485E-A6CB-F57537280466}"
EndProject
Project("{2150E333-8FDC-42A3-9474-1A3956D46DE8}") = "Discount", "Discount", "{8FEEE315-17F1-4279-8C0A-DF1A3B038A14}"
EndProject
Project("{FAE04EC0-301F-11D3-BF4B-00C04F79EFBC}") = "Discount.Grpc", "Services\Discount\Discount.Grpc\Discount.Grpc.csproj", "{27AFB7EB-0BF2-4946-8A6E-FDF43808FF1E}"
EndProject
Project("{2150E333-8FDC-42A3-9474-1A3956D46DE8}") = "Ordering", "Ordering", "{8D500340-3930-4C9A-8B77-23F24DAFC192}"
EndProject
Project("{FAE04EC0-301F-11D3-BF4B-00C04F79EFBC}") = "Ordering.API", "Services\Ordering\Ordering.API\Ordering.API.csproj", "{B9DE6EE4-971B-4CF7-B0FB-B29311A90728}"
EndProject
Project("{FAE04EC0-301F-11D3-BF4B-00C04F79EFBC}") = "Ordering.Domain", "Services\Ordering\Ordering.Domain\Ordering.Domain.csproj", "{B3B5479D-DC0C-471C-8544-CE9FDF62973F}"
EndProject
Project("{FAE04EC0-301F-11D3-BF4B-00C04F79EFBC}") = "Ordering.Application", "Services\Ordering\Ordering.Application\Ordering.Application.csproj", "{6057F962-188A-4DAA-98E7-F9FD423AD8CC}"
EndProject
Project("{FAE04EC0-301F-11D3-BF4B-00C04F79EFBC}") = "Ordering.Infrastructure", "Services\Ordering\Ordering.Infrastructure\Ordering.Infrastructure.csproj", "{2B01D925-F673-4E95-A170-A6FCBF880712}"
EndProject
Project("{FAE04EC0-301F-11D3-BF4B-00C04F79EFBC}") = "BuildingBlocks.Messaging", "BuildingBlocks\BuildingBlocks.Messaging\BuildingBlocks.Messaging\BuildingBlocks.Messaging.csproj", "{0D2A0B29-0509-4EE4-A822-3610C578C932}"
EndProject
Project("{2150E333-8FDC-42A3-9474-1A3956D46DE8}") = "ApiGateways", "ApiGateways", "{3CB96CF7-70D6-4169-814D-61F41A4D5B4A}"
EndProject
Project("{FAE04EC0-301F-11D3-BF4B-00C04F79EFBC}") = "YarpApiGateway", "YarpApiGateway\YarpApiGateway\YarpApiGateway.csproj", "{0323FB71-1303-4B99-AC27-D680B2FE69E7}"
EndProject
Global
	GlobalSection(SolutionConfigurationPlatforms) = preSolution
		Debug|Any CPU = Debug|Any CPU
		Release|Any CPU = Release|Any CPU
	EndGlobalSection
	GlobalSection(ProjectConfigurationPlatforms) = postSolution
		{1E3D7AE1-A300-4BA1-AD77-6F7A830DA6E7}.Debug|Any CPU.ActiveCfg = Debug|Any CPU
		{1E3D7AE1-A300-4BA1-AD77-6F7A830DA6E7}.Debug|Any CPU.Build.0 = Debug|Any CPU
		{1E3D7AE1-A300-4BA1-AD77-6F7A830DA6E7}.Release|Any CPU.ActiveCfg = Release|Any CPU
		{1E3D7AE1-A300-4BA1-AD77-6F7A830DA6E7}.Release|Any CPU.Build.0 = Release|Any CPU
		{EC6E7201-DC6C-403D-87B8-8EF0CDCC323C}.Debug|Any CPU.ActiveCfg = Debug|Any CPU
		{EC6E7201-DC6C-403D-87B8-8EF0CDCC323C}.Debug|Any CPU.Build.0 = Debug|Any CPU
		{EC6E7201-DC6C-403D-87B8-8EF0CDCC323C}.Release|Any CPU.ActiveCfg = Release|Any CPU
		{EC6E7201-DC6C-403D-87B8-8EF0CDCC323C}.Release|Any CPU.Build.0 = Release|Any CPU
		{81DDED9D-158B-E303-5F62-77A2896D2A5A}.Debug|Any CPU.ActiveCfg = Debug|Any CPU
		{81DDED9D-158B-E303-5F62-77A2896D2A5A}.Debug|Any CPU.Build.0 = Debug|Any CPU
		{81DDED9D-158B-E303-5F62-77A2896D2A5A}.Release|Any CPU.ActiveCfg = Release|Any CPU
		{81DDED9D-158B-E303-5F62-77A2896D2A5A}.Release|Any CPU.Build.0 = Release|Any CPU
		{7B32EF74-78B1-485E-A6CB-F57537280466}.Debug|Any CPU.ActiveCfg = Debug|Any CPU
		{7B32EF74-78B1-485E-A6CB-F57537280466}.Debug|Any CPU.Build.0 = Debug|Any CPU
		{7B32EF74-78B1-485E-A6CB-F57537280466}.Release|Any CPU.ActiveCfg = Release|Any CPU
		{7B32EF74-78B1-485E-A6CB-F57537280466}.Release|Any CPU.Build.0 = Release|Any CPU
		{27AFB7EB-0BF2-4946-8A6E-FDF43808FF1E}.Debug|Any CPU.ActiveCfg = Debug|Any CPU
		{27AFB7EB-0BF2-4946-8A6E-FDF43808FF1E}.Debug|Any CPU.Build.0 = Debug|Any CPU
		{27AFB7EB-0BF2-4946-8A6E-FDF43808FF1E}.Release|Any CPU.ActiveCfg = Release|Any CPU
		{27AFB7EB-0BF2-4946-8A6E-FDF43808FF1E}.Release|Any CPU.Build.0 = Release|Any CPU
		{B9DE6EE4-971B-4CF7-B0FB-B29311A90728}.Debug|Any CPU.ActiveCfg = Debug|Any CPU
		{B9DE6EE4-971B-4CF7-B0FB-B29311A90728}.Debug|Any CPU.Build.0 = Debug|Any CPU
		{B9DE6EE4-971B-4CF7-B0FB-B29311A90728}.Release|Any CPU.ActiveCfg = Release|Any CPU
		{B9DE6EE4-971B-4CF7-B0FB-B29311A90728}.Release|Any CPU.Build.0 = Release|Any CPU
		{B3B5479D-DC0C-471C-8544-CE9FDF62973F}.Debug|Any CPU.ActiveCfg = Debug|Any CPU
		{B3B5479D-DC0C-471C-8544-CE9FDF62973F}.Debug|Any CPU.Build.0 = Debug|Any CPU
		{B3B5479D-DC0C-471C-8544-CE9FDF62973F}.Release|Any CPU.ActiveCfg = Release|Any CPU
		{B3B5479D-DC0C-471C-8544-CE9FDF62973F}.Release|Any CPU.Build.0 = Release|Any CPU
		{6057F962-188A-4DAA-98E7-F9FD423AD8CC}.Debug|Any CPU.ActiveCfg = Debug|Any CPU
		{6057F962-188A-4DAA-98E7-F9FD423AD8CC}.Debug|Any CPU.Build.0 = Debug|Any CPU
		{6057F962-188A-4DAA-98E7-F9FD423AD8CC}.Release|Any CPU.ActiveCfg = Release|Any CPU
		{6057F962-188A-4DAA-98E7-F9FD423AD8CC}.Release|Any CPU.Build.0 = Release|Any CPU
		{2B01D925-F673-4E95-A170-A6FCBF880712}.Debug|Any CPU.ActiveCfg = Debug|Any CPU
		{2B01D925-F673-4E95-A170-A6FCBF880712}.Debug|Any CPU.Build.0 = Debug|Any CPU
		{2B01D925-F673-4E95-A170-A6FCBF880712}.Release|Any CPU.ActiveCfg = Release|Any CPU
		{2B01D925-F673-4E95-A170-A6FCBF880712}.Release|Any CPU.Build.0 = Release|Any CPU
		{0D2A0B29-0509-4EE4-A822-3610C578C932}.Debug|Any CPU.ActiveCfg = Debug|Any CPU
		{0D2A0B29-0509-4EE4-A822-3610C578C932}.Debug|Any CPU.Build.0 = Debug|Any CPU
		{0D2A0B29-0509-4EE4-A822-3610C578C932}.Release|Any CPU.ActiveCfg = Release|Any CPU
		{0D2A0B29-0509-4EE4-A822-3610C578C932}.Release|Any CPU.Build.0 = Release|Any CPU
		{0323FB71-1303-4B99-AC27-D680B2FE69E7}.Debug|Any CPU.ActiveCfg = Debug|Any CPU
		{0323FB71-1303-4B99-AC27-D680B2FE69E7}.Debug|Any CPU.Build.0 = Debug|Any CPU
		{0323FB71-1303-4B99-AC27-D680B2FE69E7}.Release|Any CPU.ActiveCfg = Release|Any CPU
		{0323FB71-1303-4B99-AC27-D680B2FE69E7}.Release|Any CPU.Build.0 = Release|Any CPU
	EndGlobalSection
	GlobalSection(SolutionProperties) = preSolution
		HideSolutionNode = FALSE
	EndGlobalSection
	GlobalSection(NestedProjects) = preSolution
		{1683AAFA-DFFE-4B76-9680-E6AFE864615A} = {02EA681E-C7D8-13C7-8484-4AC65E1B71E8}
		{1E3D7AE1-A300-4BA1-AD77-6F7A830DA6E7} = {1683AAFA-DFFE-4B76-9680-E6AFE864615A}
		{EC6E7201-DC6C-403D-87B8-8EF0CDCC323C} = {403A1859-61A7-4E51-A014-05FB8A781582}
		{D7689134-F9A4-4959-876F-933843164A0C} = {02EA681E-C7D8-13C7-8484-4AC65E1B71E8}
		{7B32EF74-78B1-485E-A6CB-F57537280466} = {D7689134-F9A4-4959-876F-933843164A0C}
		{8FEEE315-17F1-4279-8C0A-DF1A3B038A14} = {02EA681E-C7D8-13C7-8484-4AC65E1B71E8}
		{27AFB7EB-0BF2-4946-8A6E-FDF43808FF1E} = {8FEEE315-17F1-4279-8C0A-DF1A3B038A14}
		{8D500340-3930-4C9A-8B77-23F24DAFC192} = {02EA681E-C7D8-13C7-8484-4AC65E1B71E8}
		{B9DE6EE4-971B-4CF7-B0FB-B29311A90728} = {8D500340-3930-4C9A-8B77-23F24DAFC192}
		{B3B5479D-DC0C-471C-8544-CE9FDF62973F} = {8D500340-3930-4C9A-8B77-23F24DAFC192}
		{6057F962-188A-4DAA-98E7-F9FD423AD8CC} = {8D500340-3930-4C9A-8B77-23F24DAFC192}
		{2B01D925-F673-4E95-A170-A6FCBF880712} = {8D500340-3930-4C9A-8B77-23F24DAFC192}
		{0D2A0B29-0509-4EE4-A822-3610C578C932} = {403A1859-61A7-4E51-A014-05FB8A781582}
		{0323FB71-1303-4B99-AC27-D680B2FE69E7} = {3CB96CF7-70D6-4169-814D-61F41A4D5B4A}
	EndGlobalSection
	GlobalSection(ExtensibilityGlobals) = postSolution
		SolutionGuid = {145BD0C4-06E8-4DAF-921C-5DA1EACC4E25}
	EndGlobalSection
EndGlobal
